
Microsoft Visual Studio Solution File, Format Version 12.00
# Visual Studio Version 17
VisualStudioVersion = 17.14.36915.13 d17.14
MinimumVisualStudioVersion = 10.0.40219.1
Project("{FAE04EC0-301F-11D3-BF4B-00C04F79EFBC}") = "SFTGCNText", "CNText\SFTGCNText.csproj", "{797D92C7-4172-E2F7-A0D9-6D4D54C32265}"
EndProject
Global
	GlobalSection(SolutionConfigurationPlatforms) = preSolution
		Debug|Any CPU = Debug|Any CPU
		Release|Any CPU = Release|Any CPU
	EndGlobalSection
	GlobalSection(ProjectConfigurationPlatforms) = postSolution
		{797D92C7-4172-E2F7-A0D9-6D4D54C32265}.Debug|Any CPU.ActiveCfg = Debug|Any CPU
		{797D92C7-4172-E2F7-A0D9-6D4D54C32265}.Debug|Any CPU.Build.0 = Debug|Any CPU
		{797D92C7-4172-E2F7-A0D9-6D4D54C32265}.Release|Any CPU.ActiveCfg = Release|Any CPU
		{797D92C7-4172-E2F7-A0D9-6D4D54C32265}.Release|Any CPU.Build.0 = Release|Any CPU
	EndGlobalSection
	GlobalSection(SolutionProperties) = preSolution
		HideSolutionNode = FALSE
	EndGlobalSection
	GlobalSection(ExtensibilityGlobals) = postSolution
		SolutionGuid = {34526340-D8F5-47CD-B3E4-9DAFE7BE7A27}
	EndGlobalSection
EndGlobal
